
Microsoft Visual Studio Solution File, Format Version 12.00
# Visual Studio Version 16
VisualStudioVersion = 16.0.30621.155
MinimumVisualStudioVersion = 10.0.40219.1
Project("{FAE04EC0-301F-11D3-BF4B-00C04F79EFBC}") = "Numere complexe", "Numere complexe\Numere complexe.csproj", "{AB7806D1-37DE-4DE1-99FD-B9DD744536D8}"
EndProject
Global
	GlobalSection(SolutionConfigurationPlatforms) = preSolution
		Debug|Any CPU = Debug|Any CPU
		Release|Any CPU = Release|Any CPU
	EndGlobalSection
	GlobalSection(ProjectConfigurationPlatforms) = postSolution
		{AB7806D1-37DE-4DE1-99FD-B9DD744536D8}.Debug|Any CPU.ActiveCfg = Debug|Any CPU
		{AB7806D1-37DE-4DE1-99FD-B9DD744536D8}.Debug|Any CPU.Build.0 = Debug|Any CPU
		{AB7806D1-37DE-4DE1-99FD-B9DD744536D8}.Release|Any CPU.ActiveCfg = Release|Any CPU
		{AB7806D1-37DE-4DE1-99FD-B9DD744536D8}.Release|Any CPU.Build.0 = Release|Any CPU
	EndGlobalSection
	GlobalSection(SolutionProperties) = preSolution
		HideSolutionNode = FALSE
	EndGlobalSection
	GlobalSection(ExtensibilityGlobals) = postSolution
		SolutionGuid = {47483C02-B009-44F8-89B7-7F914E40B4CF}
	EndGlobalSection
EndGlobal
