
Microsoft Visual Studio Solution File, Format Version 12.00
# Visual Studio Version 16
VisualStudioVersion = 16.0.30621.155
MinimumVisualStudioVersion = 10.0.40219.1
Project("{FAE04EC0-301F-11D3-BF4B-00C04F79EFBC}") = "Time", "Time\Time.csproj", "{8C1D401C-D3BD-4412-9F27-00374AF93C62}"
EndProject
Global
	GlobalSection(SolutionConfigurationPlatforms) = preSolution
		Debug|Any CPU = Debug|Any CPU
		Release|Any CPU = Release|Any CPU
	EndGlobalSection
	GlobalSection(ProjectConfigurationPlatforms) = postSolution
		{8C1D401C-D3BD-4412-9F27-00374AF93C62}.Debug|Any CPU.ActiveCfg = Debug|Any CPU
		{8C1D401C-D3BD-4412-9F27-00374AF93C62}.Debug|Any CPU.Build.0 = Debug|Any CPU
		{8C1D401C-D3BD-4412-9F27-00374AF93C62}.Release|Any CPU.ActiveCfg = Release|Any CPU
		{8C1D401C-D3BD-4412-9F27-00374AF93C62}.Release|Any CPU.Build.0 = Release|Any CPU
	EndGlobalSection
	GlobalSection(SolutionProperties) = preSolution
		HideSolutionNode = FALSE
	EndGlobalSection
	GlobalSection(ExtensibilityGlobals) = postSolution
		SolutionGuid = {75BB7455-0919-4457-BA21-8432619A68F8}
	EndGlobalSection
EndGlobal
