
Microsoft Visual Studio Solution File, Format Version 12.00
# Visual Studio Version 16
VisualStudioVersion = 16.0.30621.155
MinimumVisualStudioVersion = 10.0.40219.1
Project("{FAE04EC0-301F-11D3-BF4B-00C04F79EFBC}") = "Clasa Stars", "Clasa Stars\Clasa Stars.csproj", "{3B29096F-1779-45FD-8903-E531FABB0589}"
EndProject
Global
	GlobalSection(SolutionConfigurationPlatforms) = preSolution
		Debug|Any CPU = Debug|Any CPU
		Release|Any CPU = Release|Any CPU
	EndGlobalSection
	GlobalSection(ProjectConfigurationPlatforms) = postSolution
		{3B29096F-1779-45FD-8903-E531FABB0589}.Debug|Any CPU.ActiveCfg = Debug|Any CPU
		{3B29096F-1779-45FD-8903-E531FABB0589}.Debug|Any CPU.Build.0 = Debug|Any CPU
		{3B29096F-1779-45FD-8903-E531FABB0589}.Release|Any CPU.ActiveCfg = Release|Any CPU
		{3B29096F-1779-45FD-8903-E531FABB0589}.Release|Any CPU.Build.0 = Release|Any CPU
	EndGlobalSection
	GlobalSection(SolutionProperties) = preSolution
		HideSolutionNode = FALSE
	EndGlobalSection
	GlobalSection(ExtensibilityGlobals) = postSolution
		SolutionGuid = {3A94A3C2-27AD-4D1E-A99F-567AAE1D3FE0}
	EndGlobalSection
EndGlobal
