
Microsoft Visual Studio Solution File, Format Version 12.00
# Visual Studio Version 16
VisualStudioVersion = 16.0.30621.155
MinimumVisualStudioVersion = 10.0.40219.1
Project("{FAE04EC0-301F-11D3-BF4B-00C04F79EFBC}") = "Clasa_Stiva", "Clasa_Stiva\Clasa_Stiva.csproj", "{03726E99-4426-490F-9414-AB72618A8655}"
EndProject
Global
	GlobalSection(SolutionConfigurationPlatforms) = preSolution
		Debug|Any CPU = Debug|Any CPU
		Release|Any CPU = Release|Any CPU
	EndGlobalSection
	GlobalSection(ProjectConfigurationPlatforms) = postSolution
		{03726E99-4426-490F-9414-AB72618A8655}.Debug|Any CPU.ActiveCfg = Debug|Any CPU
		{03726E99-4426-490F-9414-AB72618A8655}.Debug|Any CPU.Build.0 = Debug|Any CPU
		{03726E99-4426-490F-9414-AB72618A8655}.Release|Any CPU.ActiveCfg = Release|Any CPU
		{03726E99-4426-490F-9414-AB72618A8655}.Release|Any CPU.Build.0 = Release|Any CPU
	EndGlobalSection
	GlobalSection(SolutionProperties) = preSolution
		HideSolutionNode = FALSE
	EndGlobalSection
	GlobalSection(ExtensibilityGlobals) = postSolution
		SolutionGuid = {5E6798AD-7405-4586-89B6-1E769BB2B1C6}
	EndGlobalSection
EndGlobal
